// !$*UTF8*$!
{
	archiveVersion = 1;
	classes = {
	};
	objectVersion = 56;
	objects = {

/* Begin PBXBuildFile section */
		0900C56B2B4D2B8700044114 /* AppDelegate.swift in Sources */ = {isa = PBXBuildFile; fileRef = 0900C56A2B4D2B8700044114 /* AppDelegate.swift */; };
		0900C56D2B4D2B8700044114 /* SceneDelegate.swift in Sources */ = {isa = PBXBuildFile; fileRef = 0900C56C2B4D2B8700044114 /* SceneDelegate.swift */; };
		0900C56F2B4D2B8700044114 /* ViewController.swift in Sources */ = {isa = PBXBuildFile; fileRef = 0900C56E2B4D2B8700044114 /* ViewController.swift */; };
		0900C5722B4D2B8700044114 /* Main.storyboard in Resources */ = {isa = PBXBuildFile; fileRef = 0900C5702B4D2B8700044114 /* Main.storyboard */; };
		0900C5742B4D2B8800044114 /* Assets.xcassets in Resources */ = {isa = PBXBuildFile; fileRef = 0900C5732B4D2B8800044114 /* Assets.xcassets */; };
		0900C5772B4D2B8800044114 /* LaunchScreen.storyboard in Resources */ = {isa = PBXBuildFile; fileRef = 0900C5752B4D2B8800044114 /* LaunchScreen.storyboard */; };
		0900C5802B4D2CFA00044114 /* CityViewController.swift in Sources */ = {isa = PBXBuildFile; fileRef = 0900C57F2B4D2CFA00044114 /* CityViewController.swift */; };
		0900C5852B4D2DE800044114 /* CityCollectionViewCell.swift in Sources */ = {isa = PBXBuildFile; fileRef = 0900C5832B4D2DE800044114 /* CityCollectionViewCell.swift */; };
		0900C5862B4D2DE800044114 /* CityCollectionViewCell.xib in Resources */ = {isa = PBXBuildFile; fileRef = 0900C5842B4D2DE800044114 /* CityCollectionViewCell.xib */; };
		0900C5892B4D32AB00044114 /* Kingfisher in Frameworks */ = {isa = PBXBuildFile; productRef = 0900C5882B4D32AB00044114 /* Kingfisher */; };
		09652BA22B4FCCBE00F2B798 /* ADTableViewCell.swift in Sources */ = {isa = PBXBuildFile; fileRef = 09652BA02B4FCCBE00F2B798 /* ADTableViewCell.swift */; };
		09652BA32B4FCCBE00F2B798 /* ADTableViewCell.xib in Resources */ = {isa = PBXBuildFile; fileRef = 09652BA12B4FCCBE00F2B798 /* ADTableViewCell.xib */; };
		09652BA52B4FCE2800F2B798 /* DetailViewController.swift in Sources */ = {isa = PBXBuildFile; fileRef = 09652BA42B4FCE2800F2B798 /* DetailViewController.swift */; };
		09652BA82B4FDA3E00F2B798 /* HotPlaceTableViewCell.swift in Sources */ = {isa = PBXBuildFile; fileRef = 09652BA62B4FDA3E00F2B798 /* HotPlaceTableViewCell.swift */; };
		09652BA92B4FDA3E00F2B798 /* HotPlaceTableViewCell.xib in Resources */ = {isa = PBXBuildFile; fileRef = 09652BA72B4FDA3E00F2B798 /* HotPlaceTableViewCell.xib */; };
		09652BAF2B4FE4FD00F2B798 /* HotPlaceViewController.swift in Sources */ = {isa = PBXBuildFile; fileRef = 09652BAE2B4FE4FD00F2B798 /* HotPlaceViewController.swift */; };
		09652BB12B4FE50E00F2B798 /* ADViewController.swift in Sources */ = {isa = PBXBuildFile; fileRef = 09652BB02B4FE50E00F2B798 /* ADViewController.swift */; };
		09F6BE532B551C6A00B472B8 /* UIImageView+Extension.swift in Sources */ = {isa = PBXBuildFile; fileRef = 09F6BE522B551C6A00B472B8 /* UIImageView+Extension.swift */; };
		09F6BE552B551C8700B472B8 /* UILabel+Extension.swift in Sources */ = {isa = PBXBuildFile; fileRef = 09F6BE542B551C8700B472B8 /* UILabel+Extension.swift */; };
		09F6BE592B551D2100B472B8 /* UICollectionViewCell+Extension.swift in Sources */ = {isa = PBXBuildFile; fileRef = 09F6BE582B551D2100B472B8 /* UICollectionViewCell+Extension.swift */; };
		09F6BE5B2B551DAB00B472B8 /* UITableViewCell+Extension.swift in Sources */ = {isa = PBXBuildFile; fileRef = 09F6BE5A2B551DAB00B472B8 /* UITableViewCell+Extension.swift */; };
		09F6BE5D2B551E4200B472B8 /* UIViewController+Extension.swift in Sources */ = {isa = PBXBuildFile; fileRef = 09F6BE5C2B551E4200B472B8 /* UIViewController+Extension.swift */; };
		09F6BE602B551EDC00B472B8 /* City.swift in Sources */ = {isa = PBXBuildFile; fileRef = 09F6BE5F2B551EDC00B472B8 /* City.swift */; };
		09F6BE622B551EEC00B472B8 /* CityInfo.swift in Sources */ = {isa = PBXBuildFile; fileRef = 09F6BE612B551EEC00B472B8 /* CityInfo.swift */; };
		09F6BE642B551EFC00B472B8 /* Travel.swift in Sources */ = {isa = PBXBuildFile; fileRef = 09F6BE632B551EFC00B472B8 /* Travel.swift */; };
		09F6BE662B551F0900B472B8 /* TravelInfo.swift in Sources */ = {isa = PBXBuildFile; fileRef = 09F6BE652B551F0900B472B8 /* TravelInfo.swift */; };
/* End PBXBuildFile section */

/* Begin PBXFileReference section */
		0900C5672B4D2B8700044114 /* AssignmentCollectionView.app */ = {isa = PBXFileReference; explicitFileType = wrapper.application; includeInIndex = 0; path = AssignmentCollectionView.app; sourceTree = BUILT_PRODUCTS_DIR; };
		0900C56A2B4D2B8700044114 /* AppDelegate.swift */ = {isa = PBXFileReference; lastKnownFileType = sourcecode.swift; path = AppDelegate.swift; sourceTree = "<group>"; };
		0900C56C2B4D2B8700044114 /* SceneDelegate.swift */ = {isa = PBXFileReference; lastKnownFileType = sourcecode.swift; path = SceneDelegate.swift; sourceTree = "<group>"; };
		0900C56E2B4D2B8700044114 /* ViewController.swift */ = {isa = PBXFileReference; lastKnownFileType = sourcecode.swift; path = ViewController.swift; sourceTree = "<group>"; };
		0900C5712B4D2B8700044114 /* Base */ = {isa = PBXFileReference; lastKnownFileType = file.storyboard; name = Base; path = Base.lproj/Main.storyboard; sourceTree = "<group>"; };
		0900C5732B4D2B8800044114 /* Assets.xcassets */ = {isa = PBXFileReference; lastKnownFileType = folder.assetcatalog; path = Assets.xcassets; sourceTree = "<group>"; };
		0900C5762B4D2B8800044114 /* Base */ = {isa = PBXFileReference; lastKnownFileType = file.storyboard; name = Base; path = Base.lproj/LaunchScreen.storyboard; sourceTree = "<group>"; };
		0900C5782B4D2B8800044114 /* Info.plist */ = {isa = PBXFileReference; lastKnownFileType = text.plist.xml; path = Info.plist; sourceTree = "<group>"; };
		0900C57F2B4D2CFA00044114 /* CityViewController.swift */ = {isa = PBXFileReference; lastKnownFileType = sourcecode.swift; path = CityViewController.swift; sourceTree = "<group>"; };
		0900C5832B4D2DE800044114 /* CityCollectionViewCell.swift */ = {isa = PBXFileReference; lastKnownFileType = sourcecode.swift; path = CityCollectionViewCell.swift; sourceTree = "<group>"; };
		0900C5842B4D2DE800044114 /* CityCollectionViewCell.xib */ = {isa = PBXFileReference; lastKnownFileType = file.xib; path = CityCollectionViewCell.xib; sourceTree = "<group>"; };
		09652BA02B4FCCBE00F2B798 /* ADTableViewCell.swift */ = {isa = PBXFileReference; lastKnownFileType = sourcecode.swift; path = ADTableViewCell.swift; sourceTree = "<group>"; };
		09652BA12B4FCCBE00F2B798 /* ADTableViewCell.xib */ = {isa = PBXFileReference; lastKnownFileType = file.xib; path = ADTableViewCell.xib; sourceTree = "<group>"; };
		09652BA42B4FCE2800F2B798 /* DetailViewController.swift */ = {isa = PBXFileReference; lastKnownFileType = sourcecode.swift; path = DetailViewController.swift; sourceTree = "<group>"; };
		09652BA62B4FDA3E00F2B798 /* HotPlaceTableViewCell.swift */ = {isa = PBXFileReference; lastKnownFileType = sourcecode.swift; path = HotPlaceTableViewCell.swift; sourceTree = "<group>"; };
		09652BA72B4FDA3E00F2B798 /* HotPlaceTableViewCell.xib */ = {isa = PBXFileReference; lastKnownFileType = file.xib; path = HotPlaceTableViewCell.xib; sourceTree = "<group>"; };
		09652BAE2B4FE4FD00F2B798 /* HotPlaceViewController.swift */ = {isa = PBXFileReference; lastKnownFileType = sourcecode.swift; path = HotPlaceViewController.swift; sourceTree = "<group>"; };
		09652BB02B4FE50E00F2B798 /* ADViewController.swift */ = {isa = PBXFileReference; lastKnownFileType = sourcecode.swift; path = ADViewController.swift; sourceTree = "<group>"; };
		09F6BE522B551C6A00B472B8 /* UIImageView+Extension.swift */ = {isa = PBXFileReference; lastKnownFileType = sourcecode.swift; path = "UIImageView+Extension.swift"; sourceTree = "<group>"; };
		09F6BE542B551C8700B472B8 /* UILabel+Extension.swift */ = {isa = PBXFileReference; lastKnownFileType = sourcecode.swift; path = "UILabel+Extension.swift"; sourceTree = "<group>"; };
		09F6BE582B551D2100B472B8 /* UICollectionViewCell+Extension.swift */ = {isa = PBXFileReference; lastKnownFileType = sourcecode.swift; path = "UICollectionViewCell+Extension.swift"; sourceTree = "<group>"; };
		09F6BE5A2B551DAB00B472B8 /* UITableViewCell+Extension.swift */ = {isa = PBXFileReference; lastKnownFileType = sourcecode.swift; path = "UITableViewCell+Extension.swift"; sourceTree = "<group>"; };
		09F6BE5C2B551E4200B472B8 /* UIViewController+Extension.swift */ = {isa = PBXFileReference; lastKnownFileType = sourcecode.swift; path = "UIViewController+Extension.swift"; sourceTree = "<group>"; };
		09F6BE5F2B551EDC00B472B8 /* City.swift */ = {isa = PBXFileReference; lastKnownFileType = sourcecode.swift; path = City.swift; sourceTree = "<group>"; };
		09F6BE612B551EEC00B472B8 /* CityInfo.swift */ = {isa = PBXFileReference; lastKnownFileType = sourcecode.swift; path = CityInfo.swift; sourceTree = "<group>"; };
		09F6BE632B551EFC00B472B8 /* Travel.swift */ = {isa = PBXFileReference; lastKnownFileType = sourcecode.swift; path = Travel.swift; sourceTree = "<group>"; };
		09F6BE652B551F0900B472B8 /* TravelInfo.swift */ = {isa = PBXFileReference; lastKnownFileType = sourcecode.swift; path = TravelInfo.swift; sourceTree = "<group>"; };
/* End PBXFileReference section */

/* Begin PBXFrameworksBuildPhase section */
		0900C5642B4D2B8700044114 /* Frameworks */ = {
			isa = PBXFrameworksBuildPhase;
			buildActionMask = 2147483647;
			files = (
				0900C5892B4D32AB00044114 /* Kingfisher in Frameworks */,
			);
			runOnlyForDeploymentPostprocessing = 0;
		};
/* End PBXFrameworksBuildPhase section */

/* Begin PBXGroup section */
		0900C55E2B4D2B8700044114 = {
			isa = PBXGroup;
			children = (
				0900C5692B4D2B8700044114 /* AssignmentCollectionView */,
				0900C5682B4D2B8700044114 /* Products */,
			);
			sourceTree = "<group>";
		};
		0900C5682B4D2B8700044114 /* Products */ = {
			isa = PBXGroup;
			children = (
				0900C5672B4D2B8700044114 /* AssignmentCollectionView.app */,
			);
			name = Products;
			sourceTree = "<group>";
		};
		0900C5692B4D2B8700044114 /* AssignmentCollectionView */ = {
			isa = PBXGroup;
			children = (
				0900C57E2B4D2CAC00044114 /* City */,
				0900C56A2B4D2B8700044114 /* AppDelegate.swift */,
				0900C56C2B4D2B8700044114 /* SceneDelegate.swift */,
				0900C56E2B4D2B8700044114 /* ViewController.swift */,
				0900C5702B4D2B8700044114 /* Main.storyboard */,
				0900C5732B4D2B8800044114 /* Assets.xcassets */,
				0900C5752B4D2B8800044114 /* LaunchScreen.storyboard */,
				0900C5782B4D2B8800044114 /* Info.plist */,
			);
			path = AssignmentCollectionView;
			sourceTree = "<group>";
		};
		0900C57E2B4D2CAC00044114 /* City */ = {
			isa = PBXGroup;
			children = (
				09F6BE5E2B551ECE00B472B8 /* Model */,
				0900C57F2B4D2CFA00044114 /* CityViewController.swift */,
				0900C5832B4D2DE800044114 /* CityCollectionViewCell.swift */,
				0900C5842B4D2DE800044114 /* CityCollectionViewCell.xib */,
				09652BA42B4FCE2800F2B798 /* DetailViewController.swift */,
				09652BAE2B4FE4FD00F2B798 /* HotPlaceViewController.swift */,
				09652BA62B4FDA3E00F2B798 /* HotPlaceTableViewCell.swift */,
				09652BA72B4FDA3E00F2B798 /* HotPlaceTableViewCell.xib */,
				09652BB02B4FE50E00F2B798 /* ADViewController.swift */,
				09652BA02B4FCCBE00F2B798 /* ADTableViewCell.swift */,
				09652BA12B4FCCBE00F2B798 /* ADTableViewCell.xib */,
				09F6BE512B551C4800B472B8 /* Extension */,
			);
			path = City;
			sourceTree = "<group>";
		};
		09F6BE512B551C4800B472B8 /* Extension */ = {
			isa = PBXGroup;
			children = (
				09F6BE522B551C6A00B472B8 /* UIImageView+Extension.swift */,
				09F6BE542B551C8700B472B8 /* UILabel+Extension.swift */,
				09F6BE582B551D2100B472B8 /* UICollectionViewCell+Extension.swift */,
				09F6BE5A2B551DAB00B472B8 /* UITableViewCell+Extension.swift */,
				09F6BE5C2B551E4200B472B8 /* UIViewController+Extension.swift */,
			);
			path = Extension;
			sourceTree = "<group>";
		};
		09F6BE5E2B551ECE00B472B8 /* Model */ = {
			isa = PBXGroup;
			children = (
				09F6BE5F2B551EDC00B472B8 /* City.swift */,
				09F6BE612B551EEC00B472B8 /* CityInfo.swift */,
				09F6BE632B551EFC00B472B8 /* Travel.swift */,
				09F6BE652B551F0900B472B8 /* TravelInfo.swift */,
			);
			path = Model;
			sourceTree = "<group>";
		};
/* End PBXGroup section */

/* Begin PBXNativeTarget section */
		0900C5662B4D2B8700044114 /* AssignmentCollectionView */ = {
			isa = PBXNativeTarget;
			buildConfigurationList = 0900C57B2B4D2B8800044114 /* Build configuration list for PBXNativeTarget "AssignmentCollectionView" */;
			buildPhases = (
				0900C5632B4D2B8700044114 /* Sources */,
				0900C5642B4D2B8700044114 /* Frameworks */,
				0900C5652B4D2B8700044114 /* Resources */,
			);
			buildRules = (
			);
			dependencies = (
			);
			name = AssignmentCollectionView;
			packageProductDependencies = (
				0900C5882B4D32AB00044114 /* Kingfisher */,
			);
			productName = AssignmentCollectionView;
			productReference = 0900C5672B4D2B8700044114 /* AssignmentCollectionView.app */;
			productType = "com.apple.product-type.application";
		};
/* End PBXNativeTarget section */

/* Begin PBXProject section */
		0900C55F2B4D2B8700044114 /* Project object */ = {
			isa = PBXProject;
			attributes = {
				BuildIndependentTargetsInParallel = 1;
				LastSwiftUpdateCheck = 1510;
				LastUpgradeCheck = 1510;
				TargetAttributes = {
					0900C5662B4D2B8700044114 = {
						CreatedOnToolsVersion = 15.1;
					};
				};
			};
			buildConfigurationList = 0900C5622B4D2B8700044114 /* Build configuration list for PBXProject "AssignmentCollectionView" */;
			compatibilityVersion = "Xcode 14.0";
			developmentRegion = en;
			hasScannedForEncodings = 0;
			knownRegions = (
				en,
				Base,
			);
			mainGroup = 0900C55E2B4D2B8700044114;
			packageReferences = (
				0900C5872B4D32AB00044114 /* XCRemoteSwiftPackageReference "Kingfisher" */,
			);
			productRefGroup = 0900C5682B4D2B8700044114 /* Products */;
			projectDirPath = "";
			projectRoot = "";
			targets = (
				0900C5662B4D2B8700044114 /* AssignmentCollectionView */,
			);
		};
/* End PBXProject section */

/* Begin PBXResourcesBuildPhase section */
		0900C5652B4D2B8700044114 /* Resources */ = {
			isa = PBXResourcesBuildPhase;
			buildActionMask = 2147483647;
			files = (
				0900C5772B4D2B8800044114 /* LaunchScreen.storyboard in Resources */,
				09652BA92B4FDA3E00F2B798 /* HotPlaceTableViewCell.xib in Resources */,
				0900C5742B4D2B8800044114 /* Assets.xcassets in Resources */,
				0900C5722B4D2B8700044114 /* Main.storyboard in Resources */,
				0900C5862B4D2DE800044114 /* CityCollectionViewCell.xib in Resources */,
				09652BA32B4FCCBE00F2B798 /* ADTableViewCell.xib in Resources */,
			);
			runOnlyForDeploymentPostprocessing = 0;
		};
/* End PBXResourcesBuildPhase section */

/* Begin PBXSourcesBuildPhase section */
		0900C5632B4D2B8700044114 /* Sources */ = {
			isa = PBXSourcesBuildPhase;
			buildActionMask = 2147483647;
			files = (
				09652BA82B4FDA3E00F2B798 /* HotPlaceTableViewCell.swift in Sources */,
				09F6BE602B551EDC00B472B8 /* City.swift in Sources */,
				09F6BE552B551C8700B472B8 /* UILabel+Extension.swift in Sources */,
				09F6BE5B2B551DAB00B472B8 /* UITableViewCell+Extension.swift in Sources */,
				09F6BE5D2B551E4200B472B8 /* UIViewController+Extension.swift in Sources */,
				09F6BE532B551C6A00B472B8 /* UIImageView+Extension.swift in Sources */,
				09652BAF2B4FE4FD00F2B798 /* HotPlaceViewController.swift in Sources */,
				09652BA22B4FCCBE00F2B798 /* ADTableViewCell.swift in Sources */,
				09652BB12B4FE50E00F2B798 /* ADViewController.swift in Sources */,
				09F6BE662B551F0900B472B8 /* TravelInfo.swift in Sources */,
				0900C56F2B4D2B8700044114 /* ViewController.swift in Sources */,
				0900C56B2B4D2B8700044114 /* AppDelegate.swift in Sources */,
				09F6BE642B551EFC00B472B8 /* Travel.swift in Sources */,
				09F6BE622B551EEC00B472B8 /* CityInfo.swift in Sources */,
				0900C56D2B4D2B8700044114 /* SceneDelegate.swift in Sources */,
				09F6BE592B551D2100B472B8 /* UICollectionViewCell+Extension.swift in Sources */,
				09652BA52B4FCE2800F2B798 /* DetailViewController.swift in Sources */,
				0900C5852B4D2DE800044114 /* CityCollectionViewCell.swift in Sources */,
				0900C5802B4D2CFA00044114 /* CityViewController.swift in Sources */,
			);
			runOnlyForDeploymentPostprocessing = 0;
		};
/* End PBXSourcesBuildPhase section */

/* Begin PBXVariantGroup section */
		0900C5702B4D2B8700044114 /* Main.storyboard */ = {
			isa = PBXVariantGroup;
			children = (
				0900C5712B4D2B8700044114 /* Base */,
			);
			name = Main.storyboard;
			sourceTree = "<group>";
		};
		0900C5752B4D2B8800044114 /* LaunchScreen.storyboard */ = {
			isa = PBXVariantGroup;
			children = (
				0900C5762B4D2B8800044114 /* Base */,
			);
			name = LaunchScreen.storyboard;
			sourceTree = "<group>";
		};
/* End PBXVariantGroup section */

/* Begin XCBuildConfiguration section */
		0900C5792B4D2B8800044114 /* Debug */ = {
			isa = XCBuildConfiguration;
			buildSettings = {
				ALWAYS_SEARCH_USER_PATHS = NO;
				ASSETCATALOG_COMPILER_GENERATE_SWIFT_ASSET_SYMBOL_EXTENSIONS = YES;
				CLANG_ANALYZER_NONNULL = YES;
				CLANG_ANALYZER_NUMBER_OBJECT_CONVERSION = YES_AGGRESSIVE;
				CLANG_CXX_LANGUAGE_STANDARD = "gnu++20";
				CLANG_ENABLE_MODULES = YES;
				CLANG_ENABLE_OBJC_ARC = YES;
				CLANG_ENABLE_OBJC_WEAK = YES;
				CLANG_WARN_BLOCK_CAPTURE_AUTORELEASING = YES;
				CLANG_WARN_BOOL_CONVERSION = YES;
				CLANG_WARN_COMMA = YES;
				CLANG_WARN_CONSTANT_CONVERSION = YES;
				CLANG_WARN_DEPRECATED_OBJC_IMPLEMENTATIONS = YES;
				CLANG_WARN_DIRECT_OBJC_ISA_USAGE = YES_ERROR;
				CLANG_WARN_DOCUMENTATION_COMMENTS = YES;
				CLANG_WARN_EMPTY_BODY = YES;
				CLANG_WARN_ENUM_CONVERSION = YES;
				CLANG_WARN_INFINITE_RECURSION = YES;
				CLANG_WARN_INT_CONVERSION = YES;
				CLANG_WARN_NON_LITERAL_NULL_CONVERSION = YES;
				CLANG_WARN_OBJC_IMPLICIT_RETAIN_SELF = YES;
				CLANG_WARN_OBJC_LITERAL_CONVERSION = YES;
				CLANG_WARN_OBJC_ROOT_CLASS = YES_ERROR;
				CLANG_WARN_QUOTED_INCLUDE_IN_FRAMEWORK_HEADER = YES;
				CLANG_WARN_RANGE_LOOP_ANALYSIS = YES;
				CLANG_WARN_STRICT_PROTOTYPES = YES;
				CLANG_WARN_SUSPICIOUS_MOVE = YES;
				CLANG_WARN_UNGUARDED_AVAILABILITY = YES_AGGRESSIVE;
				CLANG_WARN_UNREACHABLE_CODE = YES;
				CLANG_WARN__DUPLICATE_METHOD_MATCH = YES;
				COPY_PHASE_STRIP = NO;
				DEBUG_INFORMATION_FORMAT = dwarf;
				ENABLE_STRICT_OBJC_MSGSEND = YES;
				ENABLE_TESTABILITY = YES;
				ENABLE_USER_SCRIPT_SANDBOXING = YES;
				GCC_C_LANGUAGE_STANDARD = gnu17;
				GCC_DYNAMIC_NO_PIC = NO;
				GCC_NO_COMMON_BLOCKS = YES;
				GCC_OPTIMIZATION_LEVEL = 0;
				GCC_PREPROCESSOR_DEFINITIONS = (
					"DEBUG=1",
					"$(inherited)",
				);
				GCC_WARN_64_TO_32_BIT_CONVERSION = YES;
				GCC_WARN_ABOUT_RETURN_TYPE = YES_ERROR;
				GCC_WARN_UNDECLARED_SELECTOR = YES;
				GCC_WARN_UNINITIALIZED_AUTOS = YES_AGGRESSIVE;
				GCC_WARN_UNUSED_FUNCTION = YES;
				GCC_WARN_UNUSED_VARIABLE = YES;
				IPHONEOS_DEPLOYMENT_TARGET = 17.2;
				LOCALIZATION_PREFERS_STRING_CATALOGS = YES;
				MTL_ENABLE_DEBUG_INFO = INCLUDE_SOURCE;
				MTL_FAST_MATH = YES;
				ONLY_ACTIVE_ARCH = YES;
				SDKROOT = iphoneos;
				SWIFT_ACTIVE_COMPILATION_CONDITIONS = "DEBUG $(inherited)";
				SWIFT_OPTIMIZATION_LEVEL = "-Onone";
			};
			name = Debug;
		};
		0900C57A2B4D2B8800044114 /* Release */ = {
			isa = XCBuildConfiguration;
			buildSettings = {
				ALWAYS_SEARCH_USER_PATHS = NO;
				ASSETCATALOG_COMPILER_GENERATE_SWIFT_ASSET_SYMBOL_EXTENSIONS = YES;
				CLANG_ANALYZER_NONNULL = YES;
				CLANG_ANALYZER_NUMBER_OBJECT_CONVERSION = YES_AGGRESSIVE;
				CLANG_CXX_LANGUAGE_STANDARD = "gnu++20";
				CLANG_ENABLE_MODULES = YES;
				CLANG_ENABLE_OBJC_ARC = YES;
				CLANG_ENABLE_OBJC_WEAK = YES;
				CLANG_WARN_BLOCK_CAPTURE_AUTORELEASING = YES;
				CLANG_WARN_BOOL_CONVERSION = YES;
				CLANG_WARN_COMMA = YES;
				CLANG_WARN_CONSTANT_CONVERSION = YES;
				CLANG_WARN_DEPRECATED_OBJC_IMPLEMENTATIONS = YES;
				CLANG_WARN_DIRECT_OBJC_ISA_USAGE = YES_ERROR;
				CLANG_WARN_DOCUMENTATION_COMMENTS = YES;
				CLANG_WARN_EMPTY_BODY = YES;
				CLANG_WARN_ENUM_CONVERSION = YES;
				CLANG_WARN_INFINITE_RECURSION = YES;
				CLANG_WARN_INT_CONVERSION = YES;
				CLANG_WARN_NON_LITERAL_NULL_CONVERSION = YES;
				CLANG_WARN_OBJC_IMPLICIT_RETAIN_SELF = YES;
				CLANG_WARN_OBJC_LITERAL_CONVERSION = YES;
				CLANG_WARN_OBJC_ROOT_CLASS = YES_ERROR;
				CLANG_WARN_QUOTED_INCLUDE_IN_FRAMEWORK_HEADER = YES;
				CLANG_WARN_RANGE_LOOP_ANALYSIS = YES;
				CLANG_WARN_STRICT_PROTOTYPES = YES;
				CLANG_WARN_SUSPICIOUS_MOVE = YES;
				CLANG_WARN_UNGUARDED_AVAILABILITY = YES_AGGRESSIVE;
				CLANG_WARN_UNREACHABLE_CODE = YES;
				CLANG_WARN__DUPLICATE_METHOD_MATCH = YES;
				COPY_PHASE_STRIP = NO;
				DEBUG_INFORMATION_FORMAT = "dwarf-with-dsym";
				ENABLE_NS_ASSERTIONS = NO;
				ENABLE_STRICT_OBJC_MSGSEND = YES;
				ENABLE_USER_SCRIPT_SANDBOXING = YES;
				GCC_C_LANGUAGE_STANDARD = gnu17;
				GCC_NO_COMMON_BLOCKS = YES;
				GCC_WARN_64_TO_32_BIT_CONVERSION = YES;
				GCC_WARN_ABOUT_RETURN_TYPE = YES_ERROR;
				GCC_WARN_UNDECLARED_SELECTOR = YES;
				GCC_WARN_UNINITIALIZED_AUTOS = YES_AGGRESSIVE;
				GCC_WARN_UNUSED_FUNCTION = YES;
				GCC_WARN_UNUSED_VARIABLE = YES;
				IPHONEOS_DEPLOYMENT_TARGET = 17.2;
				LOCALIZATION_PREFERS_STRING_CATALOGS = YES;
				MTL_ENABLE_DEBUG_INFO = NO;
				MTL_FAST_MATH = YES;
				SDKROOT = iphoneos;
				SWIFT_COMPILATION_MODE = wholemodule;
				VALIDATE_PRODUCT = YES;
			};
			name = Release;
		};
		0900C57C2B4D2B8800044114 /* Debug */ = {
			isa = XCBuildConfiguration;
			buildSettings = {
				ASSETCATALOG_COMPILER_APPICON_NAME = AppIcon;
				ASSETCATALOG_COMPILER_GLOBAL_ACCENT_COLOR_NAME = AccentColor;
				CODE_SIGN_STYLE = Automatic;
				CURRENT_PROJECT_VERSION = 1;
				GENERATE_INFOPLIST_FILE = YES;
				INFOPLIST_FILE = AssignmentCollectionView/Info.plist;
				INFOPLIST_KEY_UIApplicationSupportsIndirectInputEvents = YES;
				INFOPLIST_KEY_UILaunchStoryboardName = LaunchScreen;
				INFOPLIST_KEY_UIMainStoryboardFile = Main;
				INFOPLIST_KEY_UISupportedInterfaceOrientations_iPad = "UIInterfaceOrientationPortrait UIInterfaceOrientationPortraitUpsideDown UIInterfaceOrientationLandscapeLeft UIInterfaceOrientationLandscapeRight";
				INFOPLIST_KEY_UISupportedInterfaceOrientations_iPhone = "UIInterfaceOrientationPortrait UIInterfaceOrientationLandscapeLeft UIInterfaceOrientationLandscapeRight";
				LD_RUNPATH_SEARCH_PATHS = (
					"$(inherited)",
					"@executable_path/Frameworks",
				);
				MARKETING_VERSION = 1.0;
				PRODUCT_BUNDLE_IDENTIFIER = com.j.AssignmentCollectionView;
				PRODUCT_NAME = "$(TARGET_NAME)";
				SWIFT_EMIT_LOC_STRINGS = YES;
				SWIFT_VERSION = 5.0;
				TARGETED_DEVICE_FAMILY = "1,2";
			};
			name = Debug;
		};
		0900C57D2B4D2B8800044114 /* Release */ = {
			isa = XCBuildConfiguration;
			buildSettings = {
				ASSETCATALOG_COMPILER_APPICON_NAME = AppIcon;
				ASSETCATALOG_COMPILER_GLOBAL_ACCENT_COLOR_NAME = AccentColor;
				CODE_SIGN_STYLE = Automatic;
				CURRENT_PROJECT_VERSION = 1;
				GENERATE_INFOPLIST_FILE = YES;
				INFOPLIST_FILE = AssignmentCollectionView/Info.plist;
				INFOPLIST_KEY_UIApplicationSupportsIndirectInputEvents = YES;
				INFOPLIST_KEY_UILaunchStoryboardName = LaunchScreen;
				INFOPLIST_KEY_UIMainStoryboardFile = Main;
				INFOPLIST_KEY_UISupportedInterfaceOrientations_iPad = "UIInterfaceOrientationPortrait UIInterfaceOrientationPortraitUpsideDown UIInterfaceOrientationLandscapeLeft UIInterfaceOrientationLandscapeRight";
				INFOPLIST_KEY_UISupportedInterfaceOrientations_iPhone = "UIInterfaceOrientationPortrait UIInterfaceOrientationLandscapeLeft UIInterfaceOrientationLandscapeRight";
				LD_RUNPATH_SEARCH_PATHS = (
					"$(inherited)",
					"@executable_path/Frameworks",
				);
				MARKETING_VERSION = 1.0;
				PRODUCT_BUNDLE_IDENTIFIER = com.j.AssignmentCollectionView;
				PRODUCT_NAME = "$(TARGET_NAME)";
				SWIFT_EMIT_LOC_STRINGS = YES;
				SWIFT_VERSION = 5.0;
				TARGETED_DEVICE_FAMILY = "1,2";
			};
			name = Release;
		};
/* End XCBuildConfiguration section */

/* Begin XCConfigurationList section */
		0900C5622B4D2B8700044114 /* Build configuration list for PBXProject "AssignmentCollectionView" */ = {
			isa = XCConfigurationList;
			buildConfigurations = (
				0900C5792B4D2B8800044114 /* Debug */,
				0900C57A2B4D2B8800044114 /* Release */,
			);
			defaultConfigurationIsVisible = 0;
			defaultConfigurationName = Release;
		};
		0900C57B2B4D2B8800044114 /* Build configuration list for PBXNativeTarget "AssignmentCollectionView" */ = {
			isa = XCConfigurationList;
			buildConfigurations = (
				0900C57C2B4D2B8800044114 /* Debug */,
				0900C57D2B4D2B8800044114 /* Release */,
			);
			defaultConfigurationIsVisible = 0;
			defaultConfigurationName = Release;
		};
/* End XCConfigurationList section */

/* Begin XCRemoteSwiftPackageReference section */
		0900C5872B4D32AB00044114 /* XCRemoteSwiftPackageReference "Kingfisher" */ = {
			isa = XCRemoteSwiftPackageReference;
			repositoryURL = "https://github.com/onevcat/Kingfisher.git";
			requirement = {
				kind = upToNextMajorVersion;
				minimumVersion = 7.10.1;
			};
		};
/* End XCRemoteSwiftPackageReference section */

/* Begin XCSwiftPackageProductDependency section */
		0900C5882B4D32AB00044114 /* Kingfisher */ = {
			isa = XCSwiftPackageProductDependency;
			package = 0900C5872B4D32AB00044114 /* XCRemoteSwiftPackageReference "Kingfisher" */;
			productName = Kingfisher;
		};
/* End XCSwiftPackageProductDependency section */
	};
	rootObject = 0900C55F2B4D2B8700044114 /* Project object */;
}
